// !$*UTF8*$!
{
	archiveVersion = 1;
	classes = {
	};
	objectVersion = 50;
	objects = {

/* Begin PBXBuildFile section */
		10B54C372817D055003CD2B7 /* AppDelegate.swift in Sources */ = {isa = PBXBuildFile; fileRef = 10B54C362817D055003CD2B7 /* AppDelegate.swift */; };
		10B54C392817D055003CD2B7 /* SceneDelegate.swift in Sources */ = {isa = PBXBuildFile; fileRef = 10B54C382817D055003CD2B7 /* SceneDelegate.swift */; };
		10B54C3E2817D055003CD2B7 /* Main.storyboard in Resources */ = {isa = PBXBuildFile; fileRef = 10B54C3C2817D055003CD2B7 /* Main.storyboard */; };
		10B54C402817D071003CD2B7 /* Assets.xcassets in Resources */ = {isa = PBXBuildFile; fileRef = 10B54C3F2817D071003CD2B7 /* Assets.xcassets */; };
		10B54C432817D071003CD2B7 /* LaunchScreen.storyboard in Resources */ = {isa = PBXBuildFile; fileRef = 10B54C412817D071003CD2B7 /* LaunchScreen.storyboard */; };
		10B54C4C2817FB32003CD2B7 /* PostsCommentsModel.swift in Sources */ = {isa = PBXBuildFile; fileRef = 10B54C4B2817FB32003CD2B7 /* PostsCommentsModel.swift */; };
		10B54C4F2817FEEC003CD2B7 /* PostsModel.swift in Sources */ = {isa = PBXBuildFile; fileRef = 10B54C4E2817FEEC003CD2B7 /* PostsModel.swift */; };
		10B54C512817FF13003CD2B7 /* CommentsModel.swift in Sources */ = {isa = PBXBuildFile; fileRef = 10B54C502817FF13003CD2B7 /* CommentsModel.swift */; };
		10B54C5728181147003CD2B7 /* PostsTableViewCell.swift in Sources */ = {isa = PBXBuildFile; fileRef = 10B54C5628181147003CD2B7 /* PostsTableViewCell.swift */; };
		10B54C5B281914DA003CD2B7 /* CommentViewController.swift in Sources */ = {isa = PBXBuildFile; fileRef = 10B54C5A281914DA003CD2B7 /* CommentViewController.swift */; };
		10B54C5D2819187F003CD2B7 /* MainViewController.swift in Sources */ = {isa = PBXBuildFile; fileRef = 10B54C5C2819187F003CD2B7 /* MainViewController.swift */; };
		10B54C5F281967F8003CD2B7 /* CommentsTableViewCell.swift in Sources */ = {isa = PBXBuildFile; fileRef = 10B54C5E281967F8003CD2B7 /* CommentsTableViewCell.swift */; };
		10B54C6128199F0E003CD2B7 /* SplashLoader.xib in Resources */ = {isa = PBXBuildFile; fileRef = 10B54C6028199F0E003CD2B7 /* SplashLoader.xib */; };
		10B54C6328199F61003CD2B7 /* SplashLoader.swift in Sources */ = {isa = PBXBuildFile; fileRef = 10B54C6228199F61003CD2B7 /* SplashLoader.swift */; };
		4B8433942824F8AA00234715 /* UrlSessionDataModel.swift in Sources */ = {isa = PBXBuildFile; fileRef = 4B8433932824F8AA00234715 /* UrlSessionDataModel.swift */; };
/* End PBXBuildFile section */

/* Begin PBXFileReference section */
		10B54C332817D054003CD2B7 /* AssignmentJSON.app */ = {isa = PBXFileReference; explicitFileType = wrapper.application; includeInIndex = 0; path = AssignmentJSON.app; sourceTree = BUILT_PRODUCTS_DIR; };
		10B54C362817D055003CD2B7 /* AppDelegate.swift */ = {isa = PBXFileReference; lastKnownFileType = sourcecode.swift; path = AppDelegate.swift; sourceTree = "<group>"; };
		10B54C382817D055003CD2B7 /* SceneDelegate.swift */ = {isa = PBXFileReference; lastKnownFileType = sourcecode.swift; path = SceneDelegate.swift; sourceTree = "<group>"; };
		10B54C3D2817D055003CD2B7 /* Base */ = {isa = PBXFileReference; lastKnownFileType = file.storyboard; name = Base; path = Base.lproj/Main.storyboard; sourceTree = "<group>"; };
		10B54C3F2817D071003CD2B7 /* Assets.xcassets */ = {isa = PBXFileReference; lastKnownFileType = folder.assetcatalog; path = Assets.xcassets; sourceTree = "<group>"; };
		10B54C422817D071003CD2B7 /* Base */ = {isa = PBXFileReference; lastKnownFileType = file.storyboard; name = Base; path = Base.lproj/LaunchScreen.storyboard; sourceTree = "<group>"; };
		10B54C442817D071003CD2B7 /* Info.plist */ = {isa = PBXFileReference; lastKnownFileType = text.plist.xml; path = Info.plist; sourceTree = "<group>"; };
		10B54C4B2817FB32003CD2B7 /* PostsCommentsModel.swift */ = {isa = PBXFileReference; lastKnownFileType = sourcecode.swift; path = PostsCommentsModel.swift; sourceTree = "<group>"; };
		10B54C4E2817FEEC003CD2B7 /* PostsModel.swift */ = {isa = PBXFileReference; lastKnownFileType = sourcecode.swift; path = PostsModel.swift; sourceTree = "<group>"; };
		10B54C502817FF13003CD2B7 /* CommentsModel.swift */ = {isa = PBXFileReference; lastKnownFileType = sourcecode.swift; path = CommentsModel.swift; sourceTree = "<group>"; };
		10B54C5628181147003CD2B7 /* PostsTableViewCell.swift */ = {isa = PBXFileReference; lastKnownFileType = sourcecode.swift; path = PostsTableViewCell.swift; sourceTree = "<group>"; };
		10B54C5A281914DA003CD2B7 /* CommentViewController.swift */ = {isa = PBXFileReference; lastKnownFileType = sourcecode.swift; path = CommentViewController.swift; sourceTree = "<group>"; };
		10B54C5C2819187F003CD2B7 /* MainViewController.swift */ = {isa = PBXFileReference; lastKnownFileType = sourcecode.swift; path = MainViewController.swift; sourceTree = "<group>"; };
		10B54C5E281967F8003CD2B7 /* CommentsTableViewCell.swift */ = {isa = PBXFileReference; lastKnownFileType = sourcecode.swift; path = CommentsTableViewCell.swift; sourceTree = "<group>"; };
		10B54C6028199F0E003CD2B7 /* SplashLoader.xib */ = {isa = PBXFileReference; lastKnownFileType = file.xib; path = SplashLoader.xib; sourceTree = "<group>"; };
		10B54C6228199F61003CD2B7 /* SplashLoader.swift */ = {isa = PBXFileReference; lastKnownFileType = sourcecode.swift; path = SplashLoader.swift; sourceTree = "<group>"; };
		4B8433932824F8AA00234715 /* UrlSessionDataModel.swift */ = {isa = PBXFileReference; lastKnownFileType = sourcecode.swift; path = UrlSessionDataModel.swift; sourceTree = "<group>"; };
/* End PBXFileReference section */

/* Begin PBXFrameworksBuildPhase section */
		10B54C302817D054003CD2B7 /* Frameworks */ = {
			isa = PBXFrameworksBuildPhase;
			buildActionMask = 2147483647;
			files = (
			);
			runOnlyForDeploymentPostprocessing = 0;
		};
/* End PBXFrameworksBuildPhase section */

/* Begin PBXGroup section */
		10B54C2A2817D054003CD2B7 = {
			isa = PBXGroup;
			children = (
				10B54C352817D054003CD2B7 /* AssignmentJSON */,
				10B54C342817D054003CD2B7 /* Products */,
			);
			sourceTree = "<group>";
		};
		10B54C342817D054003CD2B7 /* Products */ = {
			isa = PBXGroup;
			children = (
				10B54C332817D054003CD2B7 /* AssignmentJSON.app */,
			);
			name = Products;
			sourceTree = "<group>";
		};
		10B54C352817D054003CD2B7 /* AssignmentJSON */ = {
			isa = PBXGroup;
			children = (
				10B54C55281810F8003CD2B7 /* View */,
				10B54C5428180112003CD2B7 /* Controllers */,
				10B54C4D2817FECD003CD2B7 /* Model */,
				10B54C4A2817FAF9003CD2B7 /* ViewModel */,
				10B54C362817D055003CD2B7 /* AppDelegate.swift */,
				10B54C382817D055003CD2B7 /* SceneDelegate.swift */,
				10B54C412817D071003CD2B7 /* LaunchScreen.storyboard */,
				10B54C3F2817D071003CD2B7 /* Assets.xcassets */,
				10B54C442817D071003CD2B7 /* Info.plist */,
			);
			path = AssignmentJSON;
			sourceTree = "<group>";
		};
		10B54C4A2817FAF9003CD2B7 /* ViewModel */ = {
			isa = PBXGroup;
			children = (
				10B54C4B2817FB32003CD2B7 /* PostsCommentsModel.swift */,
				4B8433932824F8AA00234715 /* UrlSessionDataModel.swift */,
			);
			path = ViewModel;
			sourceTree = "<group>";
		};
		10B54C4D2817FECD003CD2B7 /* Model */ = {
			isa = PBXGroup;
			children = (
				10B54C4E2817FEEC003CD2B7 /* PostsModel.swift */,
				10B54C502817FF13003CD2B7 /* CommentsModel.swift */,
			);
			path = Model;
			sourceTree = "<group>";
		};
		10B54C5428180112003CD2B7 /* Controllers */ = {
			isa = PBXGroup;
			children = (
				10B54C5A281914DA003CD2B7 /* CommentViewController.swift */,
				10B54C5C2819187F003CD2B7 /* MainViewController.swift */,
			);
			path = Controllers;
			sourceTree = "<group>";
		};
		10B54C55281810F8003CD2B7 /* View */ = {
			isa = PBXGroup;
			children = (
				10B54C3C2817D055003CD2B7 /* Main.storyboard */,
				10B54C5628181147003CD2B7 /* PostsTableViewCell.swift */,
				10B54C5E281967F8003CD2B7 /* CommentsTableViewCell.swift */,
				10B54C6028199F0E003CD2B7 /* SplashLoader.xib */,
				10B54C6228199F61003CD2B7 /* SplashLoader.swift */,
			);
			path = View;
			sourceTree = "<group>";
		};
/* End PBXGroup section */

/* Begin PBXNativeTarget section */
		10B54C322817D054003CD2B7 /* AssignmentJSON */ = {
			isa = PBXNativeTarget;
			buildConfigurationList = 10B54C472817D071003CD2B7 /* Build configuration list for PBXNativeTarget "AssignmentJSON" */;
			buildPhases = (
				10B54C2F2817D054003CD2B7 /* Sources */,
				10B54C302817D054003CD2B7 /* Frameworks */,
				10B54C312817D054003CD2B7 /* Resources */,
			);
			buildRules = (
			);
			dependencies = (
			);
			name = AssignmentJSON;
			productName = AssignmentJSON;
			productReference = 10B54C332817D054003CD2B7 /* AssignmentJSON.app */;
			productType = "com.apple.product-type.application";
		};
/* End PBXNativeTarget section */

/* Begin PBXProject section */
		10B54C2B2817D054003CD2B7 /* Project object */ = {
			isa = PBXProject;
			attributes = {
				LastSwiftUpdateCheck = 1130;
				LastUpgradeCheck = 1130;
				ORGANIZATIONNAME = SAISURAJ;
				TargetAttributes = {
					10B54C322817D054003CD2B7 = {
						CreatedOnToolsVersion = 11.3;
					};
				};
			};
			buildConfigurationList = 10B54C2E2817D054003CD2B7 /* Build configuration list for PBXProject "AssignmentJSON" */;
			compatibilityVersion = "Xcode 9.3";
			developmentRegion = en;
			hasScannedForEncodings = 0;
			knownRegions = (
				en,
				Base,
			);
			mainGroup = 10B54C2A2817D054003CD2B7;
			productRefGroup = 10B54C342817D054003CD2B7 /* Products */;
			projectDirPath = "";
			projectRoot = "";
			targets = (
				10B54C322817D054003CD2B7 /* AssignmentJSON */,
			);
		};
/* End PBXProject section */

/* Begin PBXResourcesBuildPhase section */
		10B54C312817D054003CD2B7 /* Resources */ = {
			isa = PBXResourcesBuildPhase;
			buildActionMask = 2147483647;
			files = (
				10B54C432817D071003CD2B7 /* LaunchScreen.storyboard in Resources */,
				10B54C402817D071003CD2B7 /* Assets.xcassets in Resources */,
				10B54C3E2817D055003CD2B7 /* Main.storyboard in Resources */,
				10B54C6128199F0E003CD2B7 /* SplashLoader.xib in Resources */,
			);
			runOnlyForDeploymentPostprocessing = 0;
		};
/* End PBXResourcesBuildPhase section */

/* Begin PBXSourcesBuildPhase section */
		10B54C2F2817D054003CD2B7 /* Sources */ = {
			isa = PBXSourcesBuildPhase;
			buildActionMask = 2147483647;
			files = (
				10B54C5B281914DA003CD2B7 /* CommentViewController.swift in Sources */,
				10B54C6328199F61003CD2B7 /* SplashLoader.swift in Sources */,
				10B54C512817FF13003CD2B7 /* CommentsModel.swift in Sources */,
				10B54C372817D055003CD2B7 /* AppDelegate.swift in Sources */,
				4B8433942824F8AA00234715 /* UrlSessionDataModel.swift in Sources */,
				10B54C4C2817FB32003CD2B7 /* PostsCommentsModel.swift in Sources */,
				10B54C4F2817FEEC003CD2B7 /* PostsModel.swift in Sources */,
				10B54C392817D055003CD2B7 /* SceneDelegate.swift in Sources */,
				10B54C5728181147003CD2B7 /* PostsTableViewCell.swift in Sources */,
				10B54C5F281967F8003CD2B7 /* CommentsTableViewCell.swift in Sources */,
				10B54C5D2819187F003CD2B7 /* MainViewController.swift in Sources */,
			);
			runOnlyForDeploymentPostprocessing = 0;
		};
/* End PBXSourcesBuildPhase section */

/* Begin PBXVariantGroup section */
		10B54C3C2817D055003CD2B7 /* Main.storyboard */ = {
			isa = PBXVariantGroup;
			children = (
				10B54C3D2817D055003CD2B7 /* Base */,
			);
			name = Main.storyboard;
			sourceTree = "<group>";
		};
		10B54C412817D071003CD2B7 /* LaunchScreen.storyboard */ = {
			isa = PBXVariantGroup;
			children = (
				10B54C422817D071003CD2B7 /* Base */,
			);
			name = LaunchScreen.storyboard;
			sourceTree = "<group>";
		};
/* End PBXVariantGroup section */

/* Begin XCBuildConfiguration section */
		10B54C452817D071003CD2B7 /* Debug */ = {
			isa = XCBuildConfiguration;
			buildSettings = {
				ALWAYS_SEARCH_USER_PATHS = NO;
				CLANG_ANALYZER_NONNULL = YES;
				CLANG_ANALYZER_NUMBER_OBJECT_CONVERSION = YES_AGGRESSIVE;
				CLANG_CXX_LANGUAGE_STANDARD = "gnu++14";
				CLANG_CXX_LIBRARY = "libc++";
				CLANG_ENABLE_MODULES = YES;
				CLANG_ENABLE_OBJC_ARC = YES;
				CLANG_ENABLE_OBJC_WEAK = YES;
				CLANG_WARN_BLOCK_CAPTURE_AUTORELEASING = YES;
				CLANG_WARN_BOOL_CONVERSION = YES;
				CLANG_WARN_COMMA = YES;
				CLANG_WARN_CONSTANT_CONVERSION = YES;
				CLANG_WARN_DEPRECATED_OBJC_IMPLEMENTATIONS = YES;
				CLANG_WARN_DIRECT_OBJC_ISA_USAGE = YES_ERROR;
				CLANG_WARN_DOCUMENTATION_COMMENTS = YES;
				CLANG_WARN_EMPTY_BODY = YES;
				CLANG_WARN_ENUM_CONVERSION = YES;
				CLANG_WARN_INFINITE_RECURSION = YES;
				CLANG_WARN_INT_CONVERSION = YES;
				CLANG_WARN_NON_LITERAL_NULL_CONVERSION = YES;
				CLANG_WARN_OBJC_IMPLICIT_RETAIN_SELF = YES;
				CLANG_WARN_OBJC_LITERAL_CONVERSION = YES;
				CLANG_WARN_OBJC_ROOT_CLASS = YES_ERROR;
				CLANG_WARN_RANGE_LOOP_ANALYSIS = YES;
				CLANG_WARN_STRICT_PROTOTYPES = YES;
				CLANG_WARN_SUSPICIOUS_MOVE = YES;
				CLANG_WARN_UNGUARDED_AVAILABILITY = YES_AGGRESSIVE;
				CLANG_WARN_UNREACHABLE_CODE = YES;
				CLANG_WARN__DUPLICATE_METHOD_MATCH = YES;
				COPY_PHASE_STRIP = NO;
				DEBUG_INFORMATION_FORMAT = dwarf;
				ENABLE_STRICT_OBJC_MSGSEND = YES;
				ENABLE_TESTABILITY = YES;
				GCC_C_LANGUAGE_STANDARD = gnu11;
				GCC_DYNAMIC_NO_PIC = NO;
				GCC_NO_COMMON_BLOCKS = YES;
				GCC_OPTIMIZATION_LEVEL = 0;
				GCC_PREPROCESSOR_DEFINITIONS = (
					"DEBUG=1",
					"$(inherited)",
				);
				GCC_WARN_64_TO_32_BIT_CONVERSION = YES;
				GCC_WARN_ABOUT_RETURN_TYPE = YES_ERROR;
				GCC_WARN_UNDECLARED_SELECTOR = YES;
				GCC_WARN_UNINITIALIZED_AUTOS = YES_AGGRESSIVE;
				GCC_WARN_UNUSED_FUNCTION = YES;
				GCC_WARN_UNUSED_VARIABLE = YES;
				IPHONEOS_DEPLOYMENT_TARGET = 13.2;
				MTL_ENABLE_DEBUG_INFO = INCLUDE_SOURCE;
				MTL_FAST_MATH = YES;
				ONLY_ACTIVE_ARCH = YES;
				SDKROOT = iphoneos;
				SWIFT_ACTIVE_COMPILATION_CONDITIONS = DEBUG;
				SWIFT_OPTIMIZATION_LEVEL = "-Onone";
			};
			name = Debug;
		};
		10B54C462817D071003CD2B7 /* Release */ = {
			isa = XCBuildConfiguration;
			buildSettings = {
				ALWAYS_SEARCH_USER_PATHS = NO;
				CLANG_ANALYZER_NONNULL = YES;
				CLANG_ANALYZER_NUMBER_OBJECT_CONVERSION = YES_AGGRESSIVE;
				CLANG_CXX_LANGUAGE_STANDARD = "gnu++14";
				CLANG_CXX_LIBRARY = "libc++";
				CLANG_ENABLE_MODULES = YES;
				CLANG_ENABLE_OBJC_ARC = YES;
				CLANG_ENABLE_OBJC_WEAK = YES;
				CLANG_WARN_BLOCK_CAPTURE_AUTORELEASING = YES;
				CLANG_WARN_BOOL_CONVERSION = YES;
				CLANG_WARN_COMMA = YES;
				CLANG_WARN_CONSTANT_CONVERSION = YES;
				CLANG_WARN_DEPRECATED_OBJC_IMPLEMENTATIONS = YES;
				CLANG_WARN_DIRECT_OBJC_ISA_USAGE = YES_ERROR;
				CLANG_WARN_DOCUMENTATION_COMMENTS = YES;
				CLANG_WARN_EMPTY_BODY = YES;
				CLANG_WARN_ENUM_CONVERSION = YES;
				CLANG_WARN_INFINITE_RECURSION = YES;
				CLANG_WARN_INT_CONVERSION = YES;
				CLANG_WARN_NON_LITERAL_NULL_CONVERSION = YES;
				CLANG_WARN_OBJC_IMPLICIT_RETAIN_SELF = YES;
				CLANG_WARN_OBJC_LITERAL_CONVERSION = YES;
				CLANG_WARN_OBJC_ROOT_CLASS = YES_ERROR;
				CLANG_WARN_RANGE_LOOP_ANALYSIS = YES;
				CLANG_WARN_STRICT_PROTOTYPES = YES;
				CLANG_WARN_SUSPICIOUS_MOVE = YES;
				CLANG_WARN_UNGUARDED_AVAILABILITY = YES_AGGRESSIVE;
				CLANG_WARN_UNREACHABLE_CODE = YES;
				CLANG_WARN__DUPLICATE_METHOD_MATCH = YES;
				COPY_PHASE_STRIP = NO;
				DEBUG_INFORMATION_FORMAT = "dwarf-with-dsym";
				ENABLE_NS_ASSERTIONS = NO;
				ENABLE_STRICT_OBJC_MSGSEND = YES;
				GCC_C_LANGUAGE_STANDARD = gnu11;
				GCC_NO_COMMON_BLOCKS = YES;
				GCC_WARN_64_TO_32_BIT_CONVERSION = YES;
				GCC_WARN_ABOUT_RETURN_TYPE = YES_ERROR;
				GCC_WARN_UNDECLARED_SELECTOR = YES;
				GCC_WARN_UNINITIALIZED_AUTOS = YES_AGGRESSIVE;
				GCC_WARN_UNUSED_FUNCTION = YES;
				GCC_WARN_UNUSED_VARIABLE = YES;
				IPHONEOS_DEPLOYMENT_TARGET = 13.2;
				MTL_ENABLE_DEBUG_INFO = NO;
				MTL_FAST_MATH = YES;
				SDKROOT = iphoneos;
				SWIFT_COMPILATION_MODE = wholemodule;
				SWIFT_OPTIMIZATION_LEVEL = "-O";
				VALIDATE_PRODUCT = YES;
			};
			name = Release;
		};
		10B54C482817D071003CD2B7 /* Debug */ = {
			isa = XCBuildConfiguration;
			buildSettings = {
				ASSETCATALOG_COMPILER_APPICON_NAME = AppIcon;
				CODE_SIGN_STYLE = Automatic;
				INFOPLIST_FILE = AssignmentJSON/Info.plist;
				LD_RUNPATH_SEARCH_PATHS = (
					"$(inherited)",
					"@executable_path/Frameworks",
				);
				PRODUCT_BUNDLE_IDENTIFIER = suraj.AssignmentJSON;
				PRODUCT_NAME = "$(TARGET_NAME)";
				SWIFT_VERSION = 5.0;
				TARGETED_DEVICE_FAMILY = 1;
			};
			name = Debug;
		};
		10B54C492817D071003CD2B7 /* Release */ = {
			isa = XCBuildConfiguration;
			buildSettings = {
				ASSETCATALOG_COMPILER_APPICON_NAME = AppIcon;
				CODE_SIGN_STYLE = Automatic;
				INFOPLIST_FILE = AssignmentJSON/Info.plist;
				LD_RUNPATH_SEARCH_PATHS = (
					"$(inherited)",
					"@executable_path/Frameworks",
				);
				PRODUCT_BUNDLE_IDENTIFIER = suraj.AssignmentJSON;
				PRODUCT_NAME = "$(TARGET_NAME)";
				SWIFT_VERSION = 5.0;
				TARGETED_DEVICE_FAMILY = 1;
			};
			name = Release;
		};
/* End XCBuildConfiguration section */

/* Begin XCConfigurationList section */
		10B54C2E2817D054003CD2B7 /* Build configuration list for PBXProject "AssignmentJSON" */ = {
			isa = XCConfigurationList;
			buildConfigurations = (
				10B54C452817D071003CD2B7 /* Debug */,
				10B54C462817D071003CD2B7 /* Release */,
			);
			defaultConfigurationIsVisible = 0;
			defaultConfigurationName = Release;
		};
		10B54C472817D071003CD2B7 /* Build configuration list for PBXNativeTarget "AssignmentJSON" */ = {
			isa = XCConfigurationList;
			buildConfigurations = (
				10B54C482817D071003CD2B7 /* Debug */,
				10B54C492817D071003CD2B7 /* Release */,
			);
			defaultConfigurationIsVisible = 0;
			defaultConfigurationName = Release;
		};
/* End XCConfigurationList section */
	};
	rootObject = 10B54C2B2817D054003CD2B7 /* Project object */;
}
